
Microsoft Visual Studio Solution File, Format Version 12.00
# Visual Studio Version 17
VisualStudioVersion = 17.8.34330.188
MinimumVisualStudioVersion = 10.0.40219.1
Project("{2150E333-8FDC-42A3-9474-1A3956D46DE8}") = "Desktop", "Desktop", "{1FCB784C-F423-4396-BD5F-F5C01F236035}"
EndProject
Project("{2150E333-8FDC-42A3-9474-1A3956D46DE8}") = "Hybrid", "Hybrid", "{2FC60E61-708B-49EC-B46D-B399B53CEED1}"
EndProject
Project("{2150E333-8FDC-42A3-9474-1A3956D46DE8}") = "Library", "Library", "{B24B9CD7-82B9-4D37-A9E7-4F2854089FCF}"
EndProject
Project("{2150E333-8FDC-42A3-9474-1A3956D46DE8}") = "Web", "Web", "{F802C24D-5B8C-4296-AA1E-3A621A4B5D51}"
EndProject
Project("{2150E333-8FDC-42A3-9474-1A3956D46DE8}") = "Wasm", "Wasm", "{53D920BA-A5D4-4D2F-A936-24A1F8D50EB0}"
EndProject
Project("{2150E333-8FDC-42A3-9474-1A3956D46DE8}") = "Server", "Server", "{00EEC6EA-BCDB-4C8C-B20B-7F5EF6DCEC97}"
EndProject
Project("{9A19103F-16F7-4668-BE54-9A1E7A4F7556}") = "TongBuilder.BlazorMaui.Client", "Hybrid\TongBuilder.BlazorMaui.Client\TongBuilder.BlazorMaui.Client.csproj", "{D06A365C-09EF-4E18-8CCD-5796BEEA5AAA}"
EndProject
Project("{9A19103F-16F7-4668-BE54-9A1E7A4F7556}") = "TongBuilder.RazorLib", "Library\TongBuilder.RazorLib\TongBuilder.RazorLib.csproj", "{ED04C822-BE11-4571-9B18-986B75BD2249}"
EndProject
Project("{9A19103F-16F7-4668-BE54-9A1E7A4F7556}") = "TongBuilder.Wasm", "Web\Wasm\TongBuilder.Wasm\TongBuilder.Wasm.csproj", "{EA53CB95-E955-4F19-9FFD-F7DA4C9D6B2C}"
EndProject
Project("{9A19103F-16F7-4668-BE54-9A1E7A4F7556}") = "TongBuilder.BlazorWF.Client", "Desktop\TongBuilder.BlazorWF.Client\TongBuilder.BlazorWF.Client.csproj", "{92BA2E0E-52C5-4238-87E9-FE21D3183C1E}"
EndProject
Project("{9A19103F-16F7-4668-BE54-9A1E7A4F7556}") = "TongBuilder.BlazorWPF.Client", "Desktop\TongBuilder.BlazorWPF.Client\TongBuilder.BlazorWPF.Client.csproj", "{75736338-E035-4001-B53F-3161530708BB}"
EndProject
Project("{9A19103F-16F7-4668-BE54-9A1E7A4F7556}") = "TongBuilder.MauiLib", "Library\TongBuilder.MauiLib\TongBuilder.MauiLib.csproj", "{FE7A8D0E-9007-4B79-B621-BBCFE926E511}"
EndProject
Project("{2150E333-8FDC-42A3-9474-1A3956D46DE8}") = "Service", "Service", "{29CA3CDB-AA3F-47A5-8425-F6A721638B9E}"
EndProject
Project("{9A19103F-16F7-4668-BE54-9A1E7A4F7556}") = "TongBuilder.BlazorMaui.App", "Hybrid\TongBuilder.BlazorMaui.App\TongBuilder.BlazorMaui.App.csproj", "{9CA06D43-8DD2-4965-AA66-9548E759CB16}"
EndProject
Project("{9A19103F-16F7-4668-BE54-9A1E7A4F7556}") = "TongBuilder.Contract", "Library\TongBuilder.Contract\TongBuilder.Contract.csproj", "{CC41E4E0-08DE-4806-BF80-D8C0C4AEFDB0}"
EndProject
Project("{9A19103F-16F7-4668-BE54-9A1E7A4F7556}") = "TongBuilder.BlazorWeb", "Web\TongBuilder.BlazorWeb\TongBuilder.BlazorWeb\TongBuilder.BlazorWeb.csproj", "{BA2CFE72-6E86-4B0B-8BEB-F56D65295305}"
EndProject
Project("{9A19103F-16F7-4668-BE54-9A1E7A4F7556}") = "TongBuilder.BlazorWeb.Client", "Web\TongBuilder.BlazorWeb\TongBuilder.BlazorWeb.Client\TongBuilder.BlazorWeb.Client.csproj", "{65661D58-6008-494C-BCC4-5FBBC57800AE}"
EndProject
Project("{9A19103F-16F7-4668-BE54-9A1E7A4F7556}") = "TongBuilder.Application", "Library\TongBuilder.Application\TongBuilder.Application.csproj", "{9C9054B4-3E86-4762-976D-9D146CC8CE20}"
EndProject
Project("{9A19103F-16F7-4668-BE54-9A1E7A4F7556}") = "TongBuilder.Api", "Web\Wasm\TongBuilder.Api\TongBuilder.Api.csproj", "{4273B703-C8ED-4CE0-BE48-62AE75D662E5}"
EndProject
Project("{9A19103F-16F7-4668-BE54-9A1E7A4F7556}") = "TongBuilder.MvcServer", "Web\Server\TongBuilder.MvcServer\TongBuilder.MvcServer.csproj", "{2D332CC6-46C1-4CEE-AC01-A28EC44CCC81}"
EndProject
Project("{2150E333-8FDC-42A3-9474-1A3956D46DE8}") = "SSO", "SSO", "{00C2B668-6A7A-4BFD-95CE-476278F396FB}"
EndProject
Project("{2150E333-8FDC-42A3-9474-1A3956D46DE8}") = "TestModule", "TestModule", "{B24B59C9-5457-4D35-95E2-B46CCC6CDD26}"
EndProject
Project("{9A19103F-16F7-4668-BE54-9A1E7A4F7556}") = "TongBuilder.Test.WebApi", "Service\TestModule\TongBuilder.Test.WebApi\TongBuilder.Test.WebApi.csproj", "{8FBE64BC-E5ED-4C0C-922D-F829969B4082}"
EndProject
Project("{9A19103F-16F7-4668-BE54-9A1E7A4F7556}") = "TongBuilder.SSOServer", "Service\SSO\TongBuilder.SSOServer\TongBuilder.SSOServer.csproj", "{F614A012-7536-4496-A208-7AD3D2C45A88}"
EndProject
Project("{9A19103F-16F7-4668-BE54-9A1E7A4F7556}") = "TongBuilder.AuthProxy", "Service\SSO\TongBuilder.AuthProxy\TongBuilder.AuthProxy.csproj", "{0C4C27DF-6A07-49AB-97DE-2FF66329318A}"
EndProject
Project("{9A19103F-16F7-4668-BE54-9A1E7A4F7556}") = "TongBuilder.Infrastructure", "Library\TongBuilder.Infrastructure\TongBuilder.Infrastructure.csproj", "{2DC64060-F817-4A61-BCE7-B968BE5EBA49}"
EndProject
Project("{2150E333-8FDC-42A3-9474-1A3956D46DE8}") = "Plugins", "Plugins", "{090D749C-9C76-4B3D-A6EF-3DA7C06A7A76}"
EndProject
Project("{9A19103F-16F7-4668-BE54-9A1E7A4F7556}") = "TongBuilder.Messager.Email", "Plugins\TongBuilder.Messager.Email\TongBuilder.Messager.Email.csproj", "{F9544196-50D1-4DA5-8F88-6BEE985A8487}"
EndProject
Project("{9A19103F-16F7-4668-BE54-9A1E7A4F7556}") = "TongBuilder.Proxy", "Service\TongBuilder.Proxy\TongBuilder.Proxy.csproj", "{EBB23922-1A5F-4520-860D-48E1F8CA7FE6}"
EndProject
Project("{9A19103F-16F7-4668-BE54-9A1E7A4F7556}") = "TongBuilder.Application.Server", "Library\TongBuilder.Application.Server\TongBuilder.Application.Server.csproj", "{A2C65576-B588-4D33-908B-0906B9821700}"
EndProject
Project("{2150E333-8FDC-42A3-9474-1A3956D46DE8}") = "Tools", "Tools", "{1C4FEB24-0B81-40B3-86DF-FC09F7B13EDC}"
EndProject
Project("{9A19103F-16F7-4668-BE54-9A1E7A4F7556}") = "RegisteCertificate", "Tools\RegisteCertificate\RegisteCertificate.csproj", "{8810C6B3-30CD-4115-8D8B-60ED59BC4692}"
EndProject
Project("{9A19103F-16F7-4668-BE54-9A1E7A4F7556}") = "TongBuilder", "Library\TongBuilder\TongBuilder.csproj", "{06FA0D68-2C12-4C5D-9753-632F4FCEE176}"
EndProject
Global
	GlobalSection(SolutionConfigurationPlatforms) = preSolution
		Debug|Any CPU = Debug|Any CPU
		Release|Any CPU = Release|Any CPU
	EndGlobalSection
	GlobalSection(ProjectConfigurationPlatforms) = postSolution
		{D06A365C-09EF-4E18-8CCD-5796BEEA5AAA}.Debug|Any CPU.ActiveCfg = Debug|Any CPU
		{D06A365C-09EF-4E18-8CCD-5796BEEA5AAA}.Debug|Any CPU.Build.0 = Debug|Any CPU
		{D06A365C-09EF-4E18-8CCD-5796BEEA5AAA}.Debug|Any CPU.Deploy.0 = Debug|Any CPU
		{D06A365C-09EF-4E18-8CCD-5796BEEA5AAA}.Release|Any CPU.ActiveCfg = Release|Any CPU
		{D06A365C-09EF-4E18-8CCD-5796BEEA5AAA}.Release|Any CPU.Build.0 = Release|Any CPU
		{D06A365C-09EF-4E18-8CCD-5796BEEA5AAA}.Release|Any CPU.Deploy.0 = Release|Any CPU
		{ED04C822-BE11-4571-9B18-986B75BD2249}.Debug|Any CPU.ActiveCfg = Debug|Any CPU
		{ED04C822-BE11-4571-9B18-986B75BD2249}.Debug|Any CPU.Build.0 = Debug|Any CPU
		{ED04C822-BE11-4571-9B18-986B75BD2249}.Release|Any CPU.ActiveCfg = Release|Any CPU
		{ED04C822-BE11-4571-9B18-986B75BD2249}.Release|Any CPU.Build.0 = Release|Any CPU
		{EA53CB95-E955-4F19-9FFD-F7DA4C9D6B2C}.Debug|Any CPU.ActiveCfg = Debug|Any CPU
		{EA53CB95-E955-4F19-9FFD-F7DA4C9D6B2C}.Debug|Any CPU.Build.0 = Debug|Any CPU
		{EA53CB95-E955-4F19-9FFD-F7DA4C9D6B2C}.Release|Any CPU.ActiveCfg = Release|Any CPU
		{EA53CB95-E955-4F19-9FFD-F7DA4C9D6B2C}.Release|Any CPU.Build.0 = Release|Any CPU
		{92BA2E0E-52C5-4238-87E9-FE21D3183C1E}.Debug|Any CPU.ActiveCfg = Debug|Any CPU
		{92BA2E0E-52C5-4238-87E9-FE21D3183C1E}.Debug|Any CPU.Build.0 = Debug|Any CPU
		{92BA2E0E-52C5-4238-87E9-FE21D3183C1E}.Release|Any CPU.ActiveCfg = Release|Any CPU
		{92BA2E0E-52C5-4238-87E9-FE21D3183C1E}.Release|Any CPU.Build.0 = Release|Any CPU
		{75736338-E035-4001-B53F-3161530708BB}.Debug|Any CPU.ActiveCfg = Debug|Any CPU
		{75736338-E035-4001-B53F-3161530708BB}.Debug|Any CPU.Build.0 = Debug|Any CPU
		{75736338-E035-4001-B53F-3161530708BB}.Release|Any CPU.ActiveCfg = Release|Any CPU
		{75736338-E035-4001-B53F-3161530708BB}.Release|Any CPU.Build.0 = Release|Any CPU
		{FE7A8D0E-9007-4B79-B621-BBCFE926E511}.Debug|Any CPU.ActiveCfg = Debug|Any CPU
		{FE7A8D0E-9007-4B79-B621-BBCFE926E511}.Debug|Any CPU.Build.0 = Debug|Any CPU
		{FE7A8D0E-9007-4B79-B621-BBCFE926E511}.Release|Any CPU.ActiveCfg = Release|Any CPU
		{FE7A8D0E-9007-4B79-B621-BBCFE926E511}.Release|Any CPU.Build.0 = Release|Any CPU
		{9CA06D43-8DD2-4965-AA66-9548E759CB16}.Debug|Any CPU.ActiveCfg = Debug|Any CPU
		{9CA06D43-8DD2-4965-AA66-9548E759CB16}.Debug|Any CPU.Build.0 = Debug|Any CPU
		{9CA06D43-8DD2-4965-AA66-9548E759CB16}.Debug|Any CPU.Deploy.0 = Debug|Any CPU
		{9CA06D43-8DD2-4965-AA66-9548E759CB16}.Release|Any CPU.ActiveCfg = Release|Any CPU
		{9CA06D43-8DD2-4965-AA66-9548E759CB16}.Release|Any CPU.Build.0 = Release|Any CPU
		{9CA06D43-8DD2-4965-AA66-9548E759CB16}.Release|Any CPU.Deploy.0 = Release|Any CPU
		{CC41E4E0-08DE-4806-BF80-D8C0C4AEFDB0}.Debug|Any CPU.ActiveCfg = Debug|Any CPU
		{CC41E4E0-08DE-4806-BF80-D8C0C4AEFDB0}.Debug|Any CPU.Build.0 = Debug|Any CPU
		{CC41E4E0-08DE-4806-BF80-D8C0C4AEFDB0}.Release|Any CPU.ActiveCfg = Release|Any CPU
		{CC41E4E0-08DE-4806-BF80-D8C0C4AEFDB0}.Release|Any CPU.Build.0 = Release|Any CPU
		{BA2CFE72-6E86-4B0B-8BEB-F56D65295305}.Debug|Any CPU.ActiveCfg = Debug|Any CPU
		{BA2CFE72-6E86-4B0B-8BEB-F56D65295305}.Debug|Any CPU.Build.0 = Debug|Any CPU
		{BA2CFE72-6E86-4B0B-8BEB-F56D65295305}.Release|Any CPU.ActiveCfg = Release|Any CPU
		{BA2CFE72-6E86-4B0B-8BEB-F56D65295305}.Release|Any CPU.Build.0 = Release|Any CPU
		{65661D58-6008-494C-BCC4-5FBBC57800AE}.Debug|Any CPU.ActiveCfg = Debug|Any CPU
		{65661D58-6008-494C-BCC4-5FBBC57800AE}.Debug|Any CPU.Build.0 = Debug|Any CPU
		{65661D58-6008-494C-BCC4-5FBBC57800AE}.Release|Any CPU.ActiveCfg = Release|Any CPU
		{65661D58-6008-494C-BCC4-5FBBC57800AE}.Release|Any CPU.Build.0 = Release|Any CPU
		{9C9054B4-3E86-4762-976D-9D146CC8CE20}.Debug|Any CPU.ActiveCfg = Debug|Any CPU
		{9C9054B4-3E86-4762-976D-9D146CC8CE20}.Debug|Any CPU.Build.0 = Debug|Any CPU
		{9C9054B4-3E86-4762-976D-9D146CC8CE20}.Release|Any CPU.ActiveCfg = Release|Any CPU
		{9C9054B4-3E86-4762-976D-9D146CC8CE20}.Release|Any CPU.Build.0 = Release|Any CPU
		{4273B703-C8ED-4CE0-BE48-62AE75D662E5}.Debug|Any CPU.ActiveCfg = Debug|Any CPU
		{4273B703-C8ED-4CE0-BE48-62AE75D662E5}.Debug|Any CPU.Build.0 = Debug|Any CPU
		{4273B703-C8ED-4CE0-BE48-62AE75D662E5}.Release|Any CPU.ActiveCfg = Release|Any CPU
		{4273B703-C8ED-4CE0-BE48-62AE75D662E5}.Release|Any CPU.Build.0 = Release|Any CPU
		{2D332CC6-46C1-4CEE-AC01-A28EC44CCC81}.Debug|Any CPU.ActiveCfg = Debug|Any CPU
		{2D332CC6-46C1-4CEE-AC01-A28EC44CCC81}.Debug|Any CPU.Build.0 = Debug|Any CPU
		{2D332CC6-46C1-4CEE-AC01-A28EC44CCC81}.Release|Any CPU.ActiveCfg = Release|Any CPU
		{2D332CC6-46C1-4CEE-AC01-A28EC44CCC81}.Release|Any CPU.Build.0 = Release|Any CPU
		{8FBE64BC-E5ED-4C0C-922D-F829969B4082}.Debug|Any CPU.ActiveCfg = Debug|Any CPU
		{8FBE64BC-E5ED-4C0C-922D-F829969B4082}.Debug|Any CPU.Build.0 = Debug|Any CPU
		{8FBE64BC-E5ED-4C0C-922D-F829969B4082}.Release|Any CPU.ActiveCfg = Release|Any CPU
		{8FBE64BC-E5ED-4C0C-922D-F829969B4082}.Release|Any CPU.Build.0 = Release|Any CPU
		{F614A012-7536-4496-A208-7AD3D2C45A88}.Debug|Any CPU.ActiveCfg = Debug|Any CPU
		{F614A012-7536-4496-A208-7AD3D2C45A88}.Debug|Any CPU.Build.0 = Debug|Any CPU
		{F614A012-7536-4496-A208-7AD3D2C45A88}.Release|Any CPU.ActiveCfg = Release|Any CPU
		{F614A012-7536-4496-A208-7AD3D2C45A88}.Release|Any CPU.Build.0 = Release|Any CPU
		{0C4C27DF-6A07-49AB-97DE-2FF66329318A}.Debug|Any CPU.ActiveCfg = Debug|Any CPU
		{0C4C27DF-6A07-49AB-97DE-2FF66329318A}.Debug|Any CPU.Build.0 = Debug|Any CPU
		{0C4C27DF-6A07-49AB-97DE-2FF66329318A}.Release|Any CPU.ActiveCfg = Release|Any CPU
		{0C4C27DF-6A07-49AB-97DE-2FF66329318A}.Release|Any CPU.Build.0 = Release|Any CPU
		{2DC64060-F817-4A61-BCE7-B968BE5EBA49}.Debug|Any CPU.ActiveCfg = Debug|Any CPU
		{2DC64060-F817-4A61-BCE7-B968BE5EBA49}.Debug|Any CPU.Build.0 = Debug|Any CPU
		{2DC64060-F817-4A61-BCE7-B968BE5EBA49}.Release|Any CPU.ActiveCfg = Release|Any CPU
		{2DC64060-F817-4A61-BCE7-B968BE5EBA49}.Release|Any CPU.Build.0 = Release|Any CPU
		{F9544196-50D1-4DA5-8F88-6BEE985A8487}.Debug|Any CPU.ActiveCfg = Debug|Any CPU
		{F9544196-50D1-4DA5-8F88-6BEE985A8487}.Debug|Any CPU.Build.0 = Debug|Any CPU
		{F9544196-50D1-4DA5-8F88-6BEE985A8487}.Release|Any CPU.ActiveCfg = Release|Any CPU
		{F9544196-50D1-4DA5-8F88-6BEE985A8487}.Release|Any CPU.Build.0 = Release|Any CPU
		{EBB23922-1A5F-4520-860D-48E1F8CA7FE6}.Debug|Any CPU.ActiveCfg = Debug|Any CPU
		{EBB23922-1A5F-4520-860D-48E1F8CA7FE6}.Debug|Any CPU.Build.0 = Debug|Any CPU
		{EBB23922-1A5F-4520-860D-48E1F8CA7FE6}.Release|Any CPU.ActiveCfg = Release|Any CPU
		{EBB23922-1A5F-4520-860D-48E1F8CA7FE6}.Release|Any CPU.Build.0 = Release|Any CPU
		{A2C65576-B588-4D33-908B-0906B9821700}.Debug|Any CPU.ActiveCfg = Debug|Any CPU
		{A2C65576-B588-4D33-908B-0906B9821700}.Debug|Any CPU.Build.0 = Debug|Any CPU
		{A2C65576-B588-4D33-908B-0906B9821700}.Release|Any CPU.ActiveCfg = Release|Any CPU
		{A2C65576-B588-4D33-908B-0906B9821700}.Release|Any CPU.Build.0 = Release|Any CPU
		{8810C6B3-30CD-4115-8D8B-60ED59BC4692}.Debug|Any CPU.ActiveCfg = Debug|Any CPU
		{8810C6B3-30CD-4115-8D8B-60ED59BC4692}.Debug|Any CPU.Build.0 = Debug|Any CPU
		{8810C6B3-30CD-4115-8D8B-60ED59BC4692}.Release|Any CPU.ActiveCfg = Release|Any CPU
		{8810C6B3-30CD-4115-8D8B-60ED59BC4692}.Release|Any CPU.Build.0 = Release|Any CPU
		{06FA0D68-2C12-4C5D-9753-632F4FCEE176}.Debug|Any CPU.ActiveCfg = Debug|Any CPU
		{06FA0D68-2C12-4C5D-9753-632F4FCEE176}.Debug|Any CPU.Build.0 = Debug|Any CPU
		{06FA0D68-2C12-4C5D-9753-632F4FCEE176}.Release|Any CPU.ActiveCfg = Release|Any CPU
		{06FA0D68-2C12-4C5D-9753-632F4FCEE176}.Release|Any CPU.Build.0 = Release|Any CPU
	EndGlobalSection
	GlobalSection(SolutionProperties) = preSolution
		HideSolutionNode = FALSE
	EndGlobalSection
	GlobalSection(NestedProjects) = preSolution
		{53D920BA-A5D4-4D2F-A936-24A1F8D50EB0} = {F802C24D-5B8C-4296-AA1E-3A621A4B5D51}
		{00EEC6EA-BCDB-4C8C-B20B-7F5EF6DCEC97} = {F802C24D-5B8C-4296-AA1E-3A621A4B5D51}
		{D06A365C-09EF-4E18-8CCD-5796BEEA5AAA} = {2FC60E61-708B-49EC-B46D-B399B53CEED1}
		{ED04C822-BE11-4571-9B18-986B75BD2249} = {B24B9CD7-82B9-4D37-A9E7-4F2854089FCF}
		{EA53CB95-E955-4F19-9FFD-F7DA4C9D6B2C} = {53D920BA-A5D4-4D2F-A936-24A1F8D50EB0}
		{92BA2E0E-52C5-4238-87E9-FE21D3183C1E} = {1FCB784C-F423-4396-BD5F-F5C01F236035}
		{75736338-E035-4001-B53F-3161530708BB} = {1FCB784C-F423-4396-BD5F-F5C01F236035}
		{FE7A8D0E-9007-4B79-B621-BBCFE926E511} = {B24B9CD7-82B9-4D37-A9E7-4F2854089FCF}
		{9CA06D43-8DD2-4965-AA66-9548E759CB16} = {2FC60E61-708B-49EC-B46D-B399B53CEED1}
		{CC41E4E0-08DE-4806-BF80-D8C0C4AEFDB0} = {B24B9CD7-82B9-4D37-A9E7-4F2854089FCF}
		{BA2CFE72-6E86-4B0B-8BEB-F56D65295305} = {F802C24D-5B8C-4296-AA1E-3A621A4B5D51}
		{65661D58-6008-494C-BCC4-5FBBC57800AE} = {F802C24D-5B8C-4296-AA1E-3A621A4B5D51}
		{9C9054B4-3E86-4762-976D-9D146CC8CE20} = {B24B9CD7-82B9-4D37-A9E7-4F2854089FCF}
		{4273B703-C8ED-4CE0-BE48-62AE75D662E5} = {53D920BA-A5D4-4D2F-A936-24A1F8D50EB0}
		{2D332CC6-46C1-4CEE-AC01-A28EC44CCC81} = {00EEC6EA-BCDB-4C8C-B20B-7F5EF6DCEC97}
		{00C2B668-6A7A-4BFD-95CE-476278F396FB} = {29CA3CDB-AA3F-47A5-8425-F6A721638B9E}
		{B24B59C9-5457-4D35-95E2-B46CCC6CDD26} = {29CA3CDB-AA3F-47A5-8425-F6A721638B9E}
		{8FBE64BC-E5ED-4C0C-922D-F829969B4082} = {B24B59C9-5457-4D35-95E2-B46CCC6CDD26}
		{F614A012-7536-4496-A208-7AD3D2C45A88} = {00C2B668-6A7A-4BFD-95CE-476278F396FB}
		{0C4C27DF-6A07-49AB-97DE-2FF66329318A} = {00C2B668-6A7A-4BFD-95CE-476278F396FB}
		{2DC64060-F817-4A61-BCE7-B968BE5EBA49} = {B24B9CD7-82B9-4D37-A9E7-4F2854089FCF}
		{F9544196-50D1-4DA5-8F88-6BEE985A8487} = {090D749C-9C76-4B3D-A6EF-3DA7C06A7A76}
		{EBB23922-1A5F-4520-860D-48E1F8CA7FE6} = {29CA3CDB-AA3F-47A5-8425-F6A721638B9E}
		{A2C65576-B588-4D33-908B-0906B9821700} = {B24B9CD7-82B9-4D37-A9E7-4F2854089FCF}
		{8810C6B3-30CD-4115-8D8B-60ED59BC4692} = {1C4FEB24-0B81-40B3-86DF-FC09F7B13EDC}
		{06FA0D68-2C12-4C5D-9753-632F4FCEE176} = {B24B9CD7-82B9-4D37-A9E7-4F2854089FCF}
	EndGlobalSection
	GlobalSection(ExtensibilityGlobals) = postSolution
		SolutionGuid = {2CC51251-957C-4429-BD62-5A31CDA46DFD}
	EndGlobalSection
EndGlobal
